
Microsoft Visual Studio Solution File, Format Version 12.00
# Visual Studio Version 17
VisualStudioVersion = 17.2.32602.215
MinimumVisualStudioVersion = 10.0.40219.1
Project("{FAE04EC0-301F-11D3-BF4B-00C04F79EFBC}") = "InternationalSharedLiving", "InternationalSharedLiving\InternationalSharedLiving.csproj", "{6E0CD55D-FE15-49AD-BB5C-2313F6C9A1E1}"
EndProject
Global
	GlobalSection(SolutionConfigurationPlatforms) = preSolution
		Debug|Any CPU = Debug|Any CPU
		Release|Any CPU = Release|Any CPU
	EndGlobalSection
	GlobalSection(ProjectConfigurationPlatforms) = postSolution
		{6E0CD55D-FE15-49AD-BB5C-2313F6C9A1E1}.Debug|Any CPU.ActiveCfg = Debug|Any CPU
		{6E0CD55D-FE15-49AD-BB5C-2313F6C9A1E1}.Debug|Any CPU.Build.0 = Debug|Any CPU
		{6E0CD55D-FE15-49AD-BB5C-2313F6C9A1E1}.Release|Any CPU.ActiveCfg = Release|Any CPU
		{6E0CD55D-FE15-49AD-BB5C-2313F6C9A1E1}.Release|Any CPU.Build.0 = Release|Any CPU
	EndGlobalSection
	GlobalSection(SolutionProperties) = preSolution
		HideSolutionNode = FALSE
	EndGlobalSection
	GlobalSection(ExtensibilityGlobals) = postSolution
		SolutionGuid = {16E40390-A635-4165-9CB8-83E05E304004}
	EndGlobalSection
EndGlobal
